// !$*UTF8*$!
{
	archiveVersion = 1;
	classes = {
	};
	objectVersion = 46;
	objects = {

/* Begin PBXBuildFile section */
		9DDE1CB81D6691F60095B9E3 /* main.m in Sources */ = {isa = PBXBuildFile; fileRef = 9DDE1CB71D6691F60095B9E3 /* main.m */; };
		9DDE1CBB1D6691F60095B9E3 /* AppDelegate.m in Sources */ = {isa = PBXBuildFile; fileRef = 9DDE1CBA1D6691F60095B9E3 /* AppDelegate.m */; };
		9DDE1CBE1D6691F60095B9E3 /* ViewController.m in Sources */ = {isa = PBXBuildFile; fileRef = 9DDE1CBD1D6691F60095B9E3 /* ViewController.m */; };
		9DDE1CC11D6691F60095B9E3 /* Main.storyboard in Resources */ = {isa = PBXBuildFile; fileRef = 9DDE1CBF1D6691F60095B9E3 /* Main.storyboard */; };
		9DDE1CC31D6691F60095B9E3 /* Assets.xcassets in Resources */ = {isa = PBXBuildFile; fileRef = 9DDE1CC21D6691F60095B9E3 /* Assets.xcassets */; };
		9DDE1CC61D6691F60095B9E3 /* LaunchScreen.storyboard in Resources */ = {isa = PBXBuildFile; fileRef = 9DDE1CC41D6691F60095B9E3 /* LaunchScreen.storyboard */; };
		9DDE1CD11D6691F60095B9E3 /* CoreLocationPracticeTests.m in Sources */ = {isa = PBXBuildFile; fileRef = 9DDE1CD01D6691F60095B9E3 /* CoreLocationPracticeTests.m */; };
		9DDE1CDC1D6691F60095B9E3 /* CoreLocationPracticeUITests.m in Sources */ = {isa = PBXBuildFile; fileRef = 9DDE1CDB1D6691F60095B9E3 /* CoreLocationPracticeUITests.m */; };
		9DDE1CED1D66AC3C0095B9E3 /* MapKit.framework in Frameworks */ = {isa = PBXBuildFile; fileRef = 9DDE1CEC1D66AC3C0095B9E3 /* MapKit.framework */; };
/* End PBXBuildFile section */

/* Begin PBXContainerItemProxy section */
		9DDE1CCD1D6691F60095B9E3 /* PBXContainerItemProxy */ = {
			isa = PBXContainerItemProxy;
			containerPortal = 9DDE1CAB1D6691F60095B9E3 /* Project object */;
			proxyType = 1;
			remoteGlobalIDString = 9DDE1CB21D6691F60095B9E3;
			remoteInfo = CoreLocationPractice;
		};
		9DDE1CD81D6691F60095B9E3 /* PBXContainerItemProxy */ = {
			isa = PBXContainerItemProxy;
			containerPortal = 9DDE1CAB1D6691F60095B9E3 /* Project object */;
			proxyType = 1;
			remoteGlobalIDString = 9DDE1CB21D6691F60095B9E3;
			remoteInfo = CoreLocationPractice;
		};
/* End PBXContainerItemProxy section */

/* Begin PBXFileReference section */
		9DDE1CB31D6691F60095B9E3 /* CoreLocationPractice.app */ = {isa = PBXFileReference; explicitFileType = wrapper.application; includeInIndex = 0; path = CoreLocationPractice.app; sourceTree = BUILT_PRODUCTS_DIR; };
		9DDE1CB71D6691F60095B9E3 /* main.m */ = {isa = PBXFileReference; lastKnownFileType = sourcecode.c.objc; path = main.m; sourceTree = "<group>"; };
		9DDE1CB91D6691F60095B9E3 /* AppDelegate.h */ = {isa = PBXFileReference; lastKnownFileType = sourcecode.c.h; path = AppDelegate.h; sourceTree = "<group>"; };
		9DDE1CBA1D6691F60095B9E3 /* AppDelegate.m */ = {isa = PBXFileReference; lastKnownFileType = sourcecode.c.objc; path = AppDelegate.m; sourceTree = "<group>"; };
		9DDE1CBC1D6691F60095B9E3 /* ViewController.h */ = {isa = PBXFileReference; lastKnownFileType = sourcecode.c.h; path = ViewController.h; sourceTree = "<group>"; };
		9DDE1CBD1D6691F60095B9E3 /* ViewController.m */ = {isa = PBXFileReference; lastKnownFileType = sourcecode.c.objc; path = ViewController.m; sourceTree = "<group>"; };
		9DDE1CC01D6691F60095B9E3 /* Base */ = {isa = PBXFileReference; lastKnownFileType = file.storyboard; name = Base; path = Base.lproj/Main.storyboard; sourceTree = "<group>"; };
		9DDE1CC21D6691F60095B9E3 /* Assets.xcassets */ = {isa = PBXFileReference; lastKnownFileType = folder.assetcatalog; path = Assets.xcassets; sourceTree = "<group>"; };
		9DDE1CC51D6691F60095B9E3 /* Base */ = {isa = PBXFileReference; lastKnownFileType = file.storyboard; name = Base; path = Base.lproj/LaunchScreen.storyboard; sourceTree = "<group>"; };
		9DDE1CC71D6691F60095B9E3 /* Info.plist */ = {isa = PBXFileReference; lastKnownFileType = text.plist.xml; path = Info.plist; sourceTree = "<group>"; };
		9DDE1CCC1D6691F60095B9E3 /* CoreLocationPracticeTests.xctest */ = {isa = PBXFileReference; explicitFileType = wrapper.cfbundle; includeInIndex = 0; path = CoreLocationPracticeTests.xctest; sourceTree = BUILT_PRODUCTS_DIR; };
		9DDE1CD01D6691F60095B9E3 /* CoreLocationPracticeTests.m */ = {isa = PBXFileReference; lastKnownFileType = sourcecode.c.objc; path = CoreLocationPracticeTests.m; sourceTree = "<group>"; };
		9DDE1CD21D6691F60095B9E3 /* Info.plist */ = {isa = PBXFileReference; lastKnownFileType = text.plist.xml; path = Info.plist; sourceTree = "<group>"; };
		9DDE1CD71D6691F60095B9E3 /* CoreLocationPracticeUITests.xctest */ = {isa = PBXFileReference; explicitFileType = wrapper.cfbundle; includeInIndex = 0; path = CoreLocationPracticeUITests.xctest; sourceTree = BUILT_PRODUCTS_DIR; };
		9DDE1CDB1D6691F60095B9E3 /* CoreLocationPracticeUITests.m */ = {isa = PBXFileReference; lastKnownFileType = sourcecode.c.objc; path = CoreLocationPracticeUITests.m; sourceTree = "<group>"; };
		9DDE1CDD1D6691F60095B9E3 /* Info.plist */ = {isa = PBXFileReference; lastKnownFileType = text.plist.xml; path = Info.plist; sourceTree = "<group>"; };
		9DDE1CEC1D66AC3C0095B9E3 /* MapKit.framework */ = {isa = PBXFileReference; lastKnownFileType = wrapper.framework; name = MapKit.framework; path = System/Library/Frameworks/MapKit.framework; sourceTree = SDKROOT; };
/* End PBXFileReference section */

/* Begin PBXFrameworksBuildPhase section */
		9DDE1CB01D6691F60095B9E3 /* Frameworks */ = {
			isa = PBXFrameworksBuildPhase;
			buildActionMask = 2147483647;
			files = (
				9DDE1CED1D66AC3C0095B9E3 /* MapKit.framework in Frameworks */,
			);
			runOnlyForDeploymentPostprocessing = 0;
		};
		9DDE1CC91D6691F60095B9E3 /* Frameworks */ = {
			isa = PBXFrameworksBuildPhase;
			buildActionMask = 2147483647;
			files = (
			);
			runOnlyForDeploymentPostprocessing = 0;
		};
		9DDE1CD41D6691F60095B9E3 /* Frameworks */ = {
			isa = PBXFrameworksBuildPhase;
			buildActionMask = 2147483647;
			files = (
			);
			runOnlyForDeploymentPostprocessing = 0;
		};
/* End PBXFrameworksBuildPhase section */

/* Begin PBXGroup section */
		9DDE1CAA1D6691F60095B9E3 = {
			isa = PBXGroup;
			children = (
				9DDE1CEB1D66A57A0095B9E3 /* Framework */,
				9DDE1CB51D6691F60095B9E3 /* CoreLocationPractice */,
				9DDE1CCF1D6691F60095B9E3 /* CoreLocationPracticeTests */,
				9DDE1CDA1D6691F60095B9E3 /* CoreLocationPracticeUITests */,
				9DDE1CB41D6691F60095B9E3 /* Products */,
			);
			sourceTree = "<group>";
		};
		9DDE1CB41D6691F60095B9E3 /* Products */ = {
			isa = PBXGroup;
			children = (
				9DDE1CB31D6691F60095B9E3 /* CoreLocationPractice.app */,
				9DDE1CCC1D6691F60095B9E3 /* CoreLocationPracticeTests.xctest */,
				9DDE1CD71D6691F60095B9E3 /* CoreLocationPracticeUITests.xctest */,
			);
			name = Products;
			sourceTree = "<group>";
		};
		9DDE1CB51D6691F60095B9E3 /* CoreLocationPractice */ = {
			isa = PBXGroup;
			children = (
				9DDE1CB91D6691F60095B9E3 /* AppDelegate.h */,
				9DDE1CBA1D6691F60095B9E3 /* AppDelegate.m */,
				9DDE1CBC1D6691F60095B9E3 /* ViewController.h */,
				9DDE1CBD1D6691F60095B9E3 /* ViewController.m */,
				9DDE1CBF1D6691F60095B9E3 /* Main.storyboard */,
				9DDE1CC21D6691F60095B9E3 /* Assets.xcassets */,
				9DDE1CC41D6691F60095B9E3 /* LaunchScreen.storyboard */,
				9DDE1CC71D6691F60095B9E3 /* Info.plist */,
				9DDE1CB61D6691F60095B9E3 /* Supporting Files */,
			);
			path = CoreLocationPractice;
			sourceTree = "<group>";
		};
		9DDE1CB61D6691F60095B9E3 /* Supporting Files */ = {
			isa = PBXGroup;
			children = (
				9DDE1CB71D6691F60095B9E3 /* main.m */,
			);
			name = "Supporting Files";
			sourceTree = "<group>";
		};
		9DDE1CCF1D6691F60095B9E3 /* CoreLocationPracticeTests */ = {
			isa = PBXGroup;
			children = (
				9DDE1CD01D6691F60095B9E3 /* CoreLocationPracticeTests.m */,
				9DDE1CD21D6691F60095B9E3 /* Info.plist */,
			);
			path = CoreLocationPracticeTests;
			sourceTree = "<group>";
		};
		9DDE1CDA1D6691F60095B9E3 /* CoreLocationPracticeUITests */ = {
			isa = PBXGroup;
			children = (
				9DDE1CDB1D6691F60095B9E3 /* CoreLocationPracticeUITests.m */,
				9DDE1CDD1D6691F60095B9E3 /* Info.plist */,
			);
			path = CoreLocationPracticeUITests;
			sourceTree = "<group>";
		};
		9DDE1CEB1D66A57A0095B9E3 /* Framework */ = {
			isa = PBXGroup;
			children = (
				9DDE1CEC1D66AC3C0095B9E3 /* MapKit.framework */,
			);
			name = Framework;
			sourceTree = "<group>";
		};
/* End PBXGroup section */

/* Begin PBXNativeTarget section */
		9DDE1CB21D6691F60095B9E3 /* CoreLocationPractice */ = {
			isa = PBXNativeTarget;
			buildConfigurationList = 9DDE1CE01D6691F60095B9E3 /* Build configuration list for PBXNativeTarget "CoreLocationPractice" */;
			buildPhases = (
				9DDE1CAF1D6691F60095B9E3 /* Sources */,
				9DDE1CB01D6691F60095B9E3 /* Frameworks */,
				9DDE1CB11D6691F60095B9E3 /* Resources */,
			);
			buildRules = (
			);
			dependencies = (
			);
			name = CoreLocationPractice;
			productName = CoreLocationPractice;
			productReference = 9DDE1CB31D6691F60095B9E3 /* CoreLocationPractice.app */;
			productType = "com.apple.product-type.application";
		};
		9DDE1CCB1D6691F60095B9E3 /* CoreLocationPracticeTests */ = {
			isa = PBXNativeTarget;
			buildConfigurationList = 9DDE1CE31D6691F60095B9E3 /* Build configuration list for PBXNativeTarget "CoreLocationPracticeTests" */;
			buildPhases = (
				9DDE1CC81D6691F60095B9E3 /* Sources */,
				9DDE1CC91D6691F60095B9E3 /* Frameworks */,
				9DDE1CCA1D6691F60095B9E3 /* Resources */,
			);
			buildRules = (
			);
			dependencies = (
				9DDE1CCE1D6691F60095B9E3 /* PBXTargetDependency */,
			);
			name = CoreLocationPracticeTests;
			productName = CoreLocationPracticeTests;
			productReference = 9DDE1CCC1D6691F60095B9E3 /* CoreLocationPracticeTests.xctest */;
			productType = "com.apple.product-type.bundle.unit-test";
		};
		9DDE1CD61D6691F60095B9E3 /* CoreLocationPracticeUITests */ = {
			isa = PBXNativeTarget;
			buildConfigurationList = 9DDE1CE61D6691F60095B9E3 /* Build configuration list for PBXNativeTarget "CoreLocationPracticeUITests" */;
			buildPhases = (
				9DDE1CD31D6691F60095B9E3 /* Sources */,
				9DDE1CD41D6691F60095B9E3 /* Frameworks */,
				9DDE1CD51D6691F60095B9E3 /* Resources */,
			);
			buildRules = (
			);
			dependencies = (
				9DDE1CD91D6691F60095B9E3 /* PBXTargetDependency */,
			);
			name = CoreLocationPracticeUITests;
			productName = CoreLocationPracticeUITests;
			productReference = 9DDE1CD71D6691F60095B9E3 /* CoreLocationPracticeUITests.xctest */;
			productType = "com.apple.product-type.bundle.ui-testing";
		};
/* End PBXNativeTarget section */

/* Begin PBXProject section */
		9DDE1CAB1D6691F60095B9E3 /* Project object */ = {
			isa = PBXProject;
			attributes = {
				LastUpgradeCheck = 0730;
				ORGANIZATIONNAME = "南　京兵";
				TargetAttributes = {
					9DDE1CB21D6691F60095B9E3 = {
						CreatedOnToolsVersion = 7.3.1;
					};
					9DDE1CCB1D6691F60095B9E3 = {
						CreatedOnToolsVersion = 7.3.1;
						TestTargetID = 9DDE1CB21D6691F60095B9E3;
					};
					9DDE1CD61D6691F60095B9E3 = {
						CreatedOnToolsVersion = 7.3.1;
						TestTargetID = 9DDE1CB21D6691F60095B9E3;
					};
				};
			};
			buildConfigurationList = 9DDE1CAE1D6691F60095B9E3 /* Build configuration list for PBXProject "CoreLocationPractice" */;
			compatibilityVersion = "Xcode 3.2";
			developmentRegion = English;
			hasScannedForEncodings = 0;
			knownRegions = (
				en,
				Base,
			);
			mainGroup = 9DDE1CAA1D6691F60095B9E3;
			productRefGroup = 9DDE1CB41D6691F60095B9E3 /* Products */;
			projectDirPath = "";
			projectRoot = "";
			targets = (
				9DDE1CB21D6691F60095B9E3 /* CoreLocationPractice */,
				9DDE1CCB1D6691F60095B9E3 /* CoreLocationPracticeTests */,
				9DDE1CD61D6691F60095B9E3 /* CoreLocationPracticeUITests */,
			);
		};
/* End PBXProject section */

/* Begin PBXResourcesBuildPhase section */
		9DDE1CB11D6691F60095B9E3 /* Resources */ = {
			isa = PBXResourcesBuildPhase;
			buildActionMask = 2147483647;
			files = (
				9DDE1CC61D6691F60095B9E3 /* LaunchScreen.storyboard in Resources */,
				9DDE1CC31D6691F60095B9E3 /* Assets.xcassets in Resources */,
				9DDE1CC11D6691F60095B9E3 /* Main.storyboard in Resources */,
			);
			runOnlyForDeploymentPostprocessing = 0;
		};
		9DDE1CCA1D6691F60095B9E3 /* Resources */ = {
			isa = PBXResourcesBuildPhase;
			buildActionMask = 2147483647;
			files = (
			);
			runOnlyForDeploymentPostprocessing = 0;
		};
		9DDE1CD51D6691F60095B9E3 /* Resources */ = {
			isa = PBXResourcesBuildPhase;
			buildActionMask = 2147483647;
			files = (
			);
			runOnlyForDeploymentPostprocessing = 0;
		};
/* End PBXResourcesBuildPhase section */

/* Begin PBXSourcesBuildPhase section */
		9DDE1CAF1D6691F60095B9E3 /* Sources */ = {
			isa = PBXSourcesBuildPhase;
			buildActionMask = 2147483647;
			files = (
				9DDE1CBE1D6691F60095B9E3 /* ViewController.m in Sources */,
				9DDE1CBB1D6691F60095B9E3 /* AppDelegate.m in Sources */,
				9DDE1CB81D6691F60095B9E3 /* main.m in Sources */,
			);
			runOnlyForDeploymentPostprocessing = 0;
		};
		9DDE1CC81D6691F60095B9E3 /* Sources */ = {
			isa = PBXSourcesBuildPhase;
			buildActionMask = 2147483647;
			files = (
				9DDE1CD11D6691F60095B9E3 /* CoreLocationPracticeTests.m in Sources */,
			);
			runOnlyForDeploymentPostprocessing = 0;
		};
		9DDE1CD31D6691F60095B9E3 /* Sources */ = {
			isa = PBXSourcesBuildPhase;
			buildActionMask = 2147483647;
			files = (
				9DDE1CDC1D6691F60095B9E3 /* CoreLocationPracticeUITests.m in Sources */,
			);
			runOnlyForDeploymentPostprocessing = 0;
		};
/* End PBXSourcesBuildPhase section */

/* Begin PBXTargetDependency section */
		9DDE1CCE1D6691F60095B9E3 /* PBXTargetDependency */ = {
			isa = PBXTargetDependency;
			target = 9DDE1CB21D6691F60095B9E3 /* CoreLocationPractice */;
			targetProxy = 9DDE1CCD1D6691F60095B9E3 /* PBXContainerItemProxy */;
		};
		9DDE1CD91D6691F60095B9E3 /* PBXTargetDependency */ = {
			isa = PBXTargetDependency;
			target = 9DDE1CB21D6691F60095B9E3 /* CoreLocationPractice */;
			targetProxy = 9DDE1CD81D6691F60095B9E3 /* PBXContainerItemProxy */;
		};
/* End PBXTargetDependency section */

/* Begin PBXVariantGroup section */
		9DDE1CBF1D6691F60095B9E3 /* Main.storyboard */ = {
			isa = PBXVariantGroup;
			children = (
				9DDE1CC01D6691F60095B9E3 /* Base */,
			);
			name = Main.storyboard;
			sourceTree = "<group>";
		};
		9DDE1CC41D6691F60095B9E3 /* LaunchScreen.storyboard */ = {
			isa = PBXVariantGroup;
			children = (
				9DDE1CC51D6691F60095B9E3 /* Base */,
			);
			name = LaunchScreen.storyboard;
			sourceTree = "<group>";
		};
/* End PBXVariantGroup section */

/* Begin XCBuildConfiguration section */
		9DDE1CDE1D6691F60095B9E3 /* Debug */ = {
			isa = XCBuildConfiguration;
			buildSettings = {
				ALWAYS_SEARCH_USER_PATHS = NO;
				CLANG_ANALYZER_NONNULL = YES;
				CLANG_CXX_LANGUAGE_STANDARD = "gnu++0x";
				CLANG_CXX_LIBRARY = "libc++";
				CLANG_ENABLE_MODULES = YES;
				CLANG_ENABLE_OBJC_ARC = YES;
				CLANG_WARN_BOOL_CONVERSION = YES;
				CLANG_WARN_CONSTANT_CONVERSION = YES;
				CLANG_WARN_DIRECT_OBJC_ISA_USAGE = YES_ERROR;
				CLANG_WARN_EMPTY_BODY = YES;
				CLANG_WARN_ENUM_CONVERSION = YES;
				CLANG_WARN_INT_CONVERSION = YES;
				CLANG_WARN_OBJC_ROOT_CLASS = YES_ERROR;
				CLANG_WARN_UNREACHABLE_CODE = YES;
				CLANG_WARN__DUPLICATE_METHOD_MATCH = YES;
				"CODE_SIGN_IDENTITY[sdk=iphoneos*]" = "iPhone Developer";
				COPY_PHASE_STRIP = NO;
				DEBUG_INFORMATION_FORMAT = dwarf;
				ENABLE_STRICT_OBJC_MSGSEND = YES;
				ENABLE_TESTABILITY = YES;
				GCC_C_LANGUAGE_STANDARD = gnu99;
				GCC_DYNAMIC_NO_PIC = NO;
				GCC_NO_COMMON_BLOCKS = YES;
				GCC_OPTIMIZATION_LEVEL = 0;
				GCC_PREPROCESSOR_DEFINITIONS = (
					"DEBUG=1",
					"$(inherited)",
				);
				GCC_WARN_64_TO_32_BIT_CONVERSION = YES;
				GCC_WARN_ABOUT_RETURN_TYPE = YES_ERROR;
				GCC_WARN_UNDECLARED_SELECTOR = YES;
				GCC_WARN_UNINITIALIZED_AUTOS = YES_AGGRESSIVE;
				GCC_WARN_UNUSED_FUNCTION = YES;
				GCC_WARN_UNUSED_VARIABLE = YES;
				IPHONEOS_DEPLOYMENT_TARGET = 9.3;
				MTL_ENABLE_DEBUG_INFO = YES;
				ONLY_ACTIVE_ARCH = YES;
				SDKROOT = iphoneos;
				TARGETED_DEVICE_FAMILY = "1,2";
			};
			name = Debug;
		};
		9DDE1CDF1D6691F60095B9E3 /* Release */ = {
			isa = XCBuildConfiguration;
			buildSettings = {
				ALWAYS_SEARCH_USER_PATHS = NO;
				CLANG_ANALYZER_NONNULL = YES;
				CLANG_CXX_LANGUAGE_STANDARD = "gnu++0x";
				CLANG_CXX_LIBRARY = "libc++";
				CLANG_ENABLE_MODULES = YES;
				CLANG_ENABLE_OBJC_ARC = YES;
				CLANG_WARN_BOOL_CONVERSION = YES;
				CLANG_WARN_CONSTANT_CONVERSION = YES;
				CLANG_WARN_DIRECT_OBJC_ISA_USAGE = YES_ERROR;
				CLANG_WARN_EMPTY_BODY = YES;
				CLANG_WARN_ENUM_CONVERSION = YES;
				CLANG_WARN_INT_CONVERSION = YES;
				CLANG_WARN_OBJC_ROOT_CLASS = YES_ERROR;
				CLANG_WARN_UNREACHABLE_CODE = YES;
				CLANG_WARN__DUPLICATE_METHOD_MATCH = YES;
				"CODE_SIGN_IDENTITY[sdk=iphoneos*]" = "iPhone Developer";
				COPY_PHASE_STRIP = NO;
				DEBUG_INFORMATION_FORMAT = "dwarf-with-dsym";
				ENABLE_NS_ASSERTIONS = NO;
				ENABLE_STRICT_OBJC_MSGSEND = YES;
				GCC_C_LANGUAGE_STANDARD = gnu99;
				GCC_NO_COMMON_BLOCKS = YES;
				GCC_WARN_64_TO_32_BIT_CONVERSION = YES;
				GCC_WARN_ABOUT_RETURN_TYPE = YES_ERROR;
				GCC_WARN_UNDECLARED_SELECTOR = YES;
				GCC_WARN_UNINITIALIZED_AUTOS = YES_AGGRESSIVE;
				GCC_WARN_UNUSED_FUNCTION = YES;
				GCC_WARN_UNUSED_VARIABLE = YES;
				IPHONEOS_DEPLOYMENT_TARGET = 9.3;
				MTL_ENABLE_DEBUG_INFO = NO;
				SDKROOT = iphoneos;
				TARGETED_DEVICE_FAMILY = "1,2";
				VALIDATE_PRODUCT = YES;
			};
			name = Release;
		};
		9DDE1CE11D6691F60095B9E3 /* Debug */ = {
			isa = XCBuildConfiguration;
			buildSettings = {
				ASSETCATALOG_COMPILER_APPICON_NAME = AppIcon;
				INFOPLIST_FILE = CoreLocationPractice/Info.plist;
				IPHONEOS_DEPLOYMENT_TARGET = 8.1;
				LD_RUNPATH_SEARCH_PATHS = "$(inherited) @executable_path/Frameworks";
				PRODUCT_BUNDLE_IDENTIFIER = com.tutorial.CoreLocationPractice;
				PRODUCT_NAME = "$(TARGET_NAME)";
			};
			name = Debug;
		};
		9DDE1CE21D6691F60095B9E3 /* Release */ = {
			isa = XCBuildConfiguration;
			buildSettings = {
				ASSETCATALOG_COMPILER_APPICON_NAME = AppIcon;
				INFOPLIST_FILE = CoreLocationPractice/Info.plist;
				IPHONEOS_DEPLOYMENT_TARGET = 8.1;
				LD_RUNPATH_SEARCH_PATHS = "$(inherited) @executable_path/Frameworks";
				PRODUCT_BUNDLE_IDENTIFIER = com.tutorial.CoreLocationPractice;
				PRODUCT_NAME = "$(TARGET_NAME)";
			};
			name = Release;
		};
		9DDE1CE41D6691F60095B9E3 /* Debug */ = {
			isa = XCBuildConfiguration;
			buildSettings = {
				BUNDLE_LOADER = "$(TEST_HOST)";
				INFOPLIST_FILE = CoreLocationPracticeTests/Info.plist;
				LD_RUNPATH_SEARCH_PATHS = "$(inherited) @executable_path/Frameworks @loader_path/Frameworks";
				PRODUCT_BUNDLE_IDENTIFIER = com.tutorial.CoreLocationPracticeTests;
				PRODUCT_NAME = "$(TARGET_NAME)";
				TEST_HOST = "$(BUILT_PRODUCTS_DIR)/CoreLocationPractice.app/CoreLocationPractice";
			};
			name = Debug;
		};
		9DDE1CE51D6691F60095B9E3 /* Release */ = {
			isa = XCBuildConfiguration;
			buildSettings = {
				BUNDLE_LOADER = "$(TEST_HOST)";
				INFOPLIST_FILE = CoreLocationPracticeTests/Info.plist;
				LD_RUNPATH_SEARCH_PATHS = "$(inherited) @executable_path/Frameworks @loader_path/Frameworks";
				PRODUCT_BUNDLE_IDENTIFIER = com.tutorial.CoreLocationPracticeTests;
				PRODUCT_NAME = "$(TARGET_NAME)";
				TEST_HOST = "$(BUILT_PRODUCTS_DIR)/CoreLocationPractice.app/CoreLocationPractice";
			};
			name = Release;
		};
		9DDE1CE71D6691F60095B9E3 /* Debug */ = {
			isa = XCBuildConfiguration;
			buildSettings = {
				INFOPLIST_FILE = CoreLocationPracticeUITests/Info.plist;
				LD_RUNPATH_SEARCH_PATHS = "$(inherited) @executable_path/Frameworks @loader_path/Frameworks";
				PRODUCT_BUNDLE_IDENTIFIER = com.tutorial.CoreLocationPracticeUITests;
				PRODUCT_NAME = "$(TARGET_NAME)";
				TEST_TARGET_NAME = CoreLocationPractice;
			};
			name = Debug;
		};
		9DDE1CE81D6691F60095B9E3 /* Release */ = {
			isa = XCBuildConfiguration;
			buildSettings = {
				INFOPLIST_FILE = CoreLocationPracticeUITests/Info.plist;
				LD_RUNPATH_SEARCH_PATHS = "$(inherited) @executable_path/Frameworks @loader_path/Frameworks";
				PRODUCT_BUNDLE_IDENTIFIER = com.tutorial.CoreLocationPracticeUITests;
				PRODUCT_NAME = "$(TARGET_NAME)";
				TEST_TARGET_NAME = CoreLocationPractice;
			};
			name = Release;
		};
/* End XCBuildConfiguration section */

/* Begin XCConfigurationList section */
		9DDE1CAE1D6691F60095B9E3 /* Build configuration list for PBXProject "CoreLocationPractice" */ = {
			isa = XCConfigurationList;
			buildConfigurations = (
				9DDE1CDE1D6691F60095B9E3 /* Debug */,
				9DDE1CDF1D6691F60095B9E3 /* Release */,
			);
			defaultConfigurationIsVisible = 0;
			defaultConfigurationName = Release;
		};
		9DDE1CE01D6691F60095B9E3 /* Build configuration list for PBXNativeTarget "CoreLocationPractice" */ = {
			isa = XCConfigurationList;
			buildConfigurations = (
				9DDE1CE11D6691F60095B9E3 /* Debug */,
				9DDE1CE21D6691F60095B9E3 /* Release */,
			);
			defaultConfigurationIsVisible = 0;
		};
		9DDE1CE31D6691F60095B9E3 /* Build configuration list for PBXNativeTarget "CoreLocationPracticeTests" */ = {
			isa = XCConfigurationList;
			buildConfigurations = (
				9DDE1CE41D6691F60095B9E3 /* Debug */,
				9DDE1CE51D6691F60095B9E3 /* Release */,
			);
			defaultConfigurationIsVisible = 0;
		};
		9DDE1CE61D6691F60095B9E3 /* Build configuration list for PBXNativeTarget "CoreLocationPracticeUITests" */ = {
			isa = XCConfigurationList;
			buildConfigurations = (
				9DDE1CE71D6691F60095B9E3 /* Debug */,
				9DDE1CE81D6691F60095B9E3 /* Release */,
			);
			defaultConfigurationIsVisible = 0;
		};
/* End XCConfigurationList section */
	};
	rootObject = 9DDE1CAB1D6691F60095B9E3 /* Project object */;
}
